// !$*UTF8*$!
{
	archiveVersion = 1;
	classes = {
	};
	objectVersion = 55;
	objects = {

/* Begin PBXBuildFile section */
		DB7770FB27B31BDF0013955C /* WeatherViewModel.swift in Sources */ = {isa = PBXBuildFile; fileRef = DB7770FA27B31BDF0013955C /* WeatherViewModel.swift */; };
		DB77710027B31D010013955C /* CONSTANTS.swift in Sources */ = {isa = PBXBuildFile; fileRef = DB7770FF27B31D010013955C /* CONSTANTS.swift */; };
		DB77710327B323970013955C /* WeatherErrorHandling.swift in Sources */ = {isa = PBXBuildFile; fileRef = DB77710227B323970013955C /* WeatherErrorHandling.swift */; };
		DBC1E97827B824DD0000B1CF /* WeatherRepository.swift in Sources */ = {isa = PBXBuildFile; fileRef = DBC1E97727B824DD0000B1CF /* WeatherRepository.swift */; };
		DBE27B6E27B1AF00000DA6B5 /* WeatherAppMVVMApp.swift in Sources */ = {isa = PBXBuildFile; fileRef = DBE27B6D27B1AF00000DA6B5 /* WeatherAppMVVMApp.swift */; };
		DBE27B7027B1AF00000DA6B5 /* ContentView.swift in Sources */ = {isa = PBXBuildFile; fileRef = DBE27B6F27B1AF00000DA6B5 /* ContentView.swift */; };
		DBE27B7227B1AF00000DA6B5 /* Assets.xcassets in Resources */ = {isa = PBXBuildFile; fileRef = DBE27B7127B1AF00000DA6B5 /* Assets.xcassets */; };
		DBE27B7527B1AF00000DA6B5 /* Preview Assets.xcassets in Resources */ = {isa = PBXBuildFile; fileRef = DBE27B7427B1AF00000DA6B5 /* Preview Assets.xcassets */; };
		DBE27B7F27B1AF01000DA6B5 /* WeatherAppMVVMTests.swift in Sources */ = {isa = PBXBuildFile; fileRef = DBE27B7E27B1AF01000DA6B5 /* WeatherAppMVVMTests.swift */; };
		DBE27B8927B1AF01000DA6B5 /* WeatherAppMVVMUITests.swift in Sources */ = {isa = PBXBuildFile; fileRef = DBE27B8827B1AF01000DA6B5 /* WeatherAppMVVMUITests.swift */; };
		DBE27B8B27B1AF01000DA6B5 /* WeatherAppMVVMUITestsLaunchTests.swift in Sources */ = {isa = PBXBuildFile; fileRef = DBE27B8A27B1AF01000DA6B5 /* WeatherAppMVVMUITestsLaunchTests.swift */; };
		DBE27B9D27B1B694000DA6B5 /* WeatherResponseDataModel.swift in Sources */ = {isa = PBXBuildFile; fileRef = DBE27B9C27B1B694000DA6B5 /* WeatherResponseDataModel.swift */; };
/* End PBXBuildFile section */

/* Begin PBXContainerItemProxy section */
		DBE27B7B27B1AF01000DA6B5 /* PBXContainerItemProxy */ = {
			isa = PBXContainerItemProxy;
			containerPortal = DBE27B6227B1AF00000DA6B5 /* Project object */;
			proxyType = 1;
			remoteGlobalIDString = DBE27B6927B1AF00000DA6B5;
			remoteInfo = WeatherAppMVVM;
		};
		DBE27B8527B1AF01000DA6B5 /* PBXContainerItemProxy */ = {
			isa = PBXContainerItemProxy;
			containerPortal = DBE27B6227B1AF00000DA6B5 /* Project object */;
			proxyType = 1;
			remoteGlobalIDString = DBE27B6927B1AF00000DA6B5;
			remoteInfo = WeatherAppMVVM;
		};
/* End PBXContainerItemProxy section */

/* Begin PBXFileReference section */
		DB7770FA27B31BDF0013955C /* WeatherViewModel.swift */ = {isa = PBXFileReference; lastKnownFileType = sourcecode.swift; path = WeatherViewModel.swift; sourceTree = "<group>"; };
		DB7770FF27B31D010013955C /* CONSTANTS.swift */ = {isa = PBXFileReference; lastKnownFileType = sourcecode.swift; path = CONSTANTS.swift; sourceTree = "<group>"; };
		DB77710127B321340013955C /* Info.plist */ = {isa = PBXFileReference; lastKnownFileType = text.plist; path = Info.plist; sourceTree = "<group>"; };
		DB77710227B323970013955C /* WeatherErrorHandling.swift */ = {isa = PBXFileReference; lastKnownFileType = sourcecode.swift; path = WeatherErrorHandling.swift; sourceTree = "<group>"; };
		DBC1E97727B824DD0000B1CF /* WeatherRepository.swift */ = {isa = PBXFileReference; lastKnownFileType = sourcecode.swift; path = WeatherRepository.swift; sourceTree = "<group>"; };
		DBE27B6A27B1AF00000DA6B5 /* WeatherAppMVVM.app */ = {isa = PBXFileReference; explicitFileType = wrapper.application; includeInIndex = 0; path = WeatherAppMVVM.app; sourceTree = BUILT_PRODUCTS_DIR; };
		DBE27B6D27B1AF00000DA6B5 /* WeatherAppMVVMApp.swift */ = {isa = PBXFileReference; lastKnownFileType = sourcecode.swift; path = WeatherAppMVVMApp.swift; sourceTree = "<group>"; };
		DBE27B6F27B1AF00000DA6B5 /* ContentView.swift */ = {isa = PBXFileReference; lastKnownFileType = sourcecode.swift; path = ContentView.swift; sourceTree = "<group>"; };
		DBE27B7127B1AF00000DA6B5 /* Assets.xcassets */ = {isa = PBXFileReference; lastKnownFileType = folder.assetcatalog; path = Assets.xcassets; sourceTree = "<group>"; };
		DBE27B7427B1AF00000DA6B5 /* Preview Assets.xcassets */ = {isa = PBXFileReference; lastKnownFileType = folder.assetcatalog; path = "Preview Assets.xcassets"; sourceTree = "<group>"; };
		DBE27B7A27B1AF01000DA6B5 /* WeatherAppMVVMTests.xctest */ = {isa = PBXFileReference; explicitFileType = wrapper.cfbundle; includeInIndex = 0; path = WeatherAppMVVMTests.xctest; sourceTree = BUILT_PRODUCTS_DIR; };
		DBE27B7E27B1AF01000DA6B5 /* WeatherAppMVVMTests.swift */ = {isa = PBXFileReference; lastKnownFileType = sourcecode.swift; path = WeatherAppMVVMTests.swift; sourceTree = "<group>"; };
		DBE27B8427B1AF01000DA6B5 /* WeatherAppMVVMUITests.xctest */ = {isa = PBXFileReference; explicitFileType = wrapper.cfbundle; includeInIndex = 0; path = WeatherAppMVVMUITests.xctest; sourceTree = BUILT_PRODUCTS_DIR; };
		DBE27B8827B1AF01000DA6B5 /* WeatherAppMVVMUITests.swift */ = {isa = PBXFileReference; lastKnownFileType = sourcecode.swift; path = WeatherAppMVVMUITests.swift; sourceTree = "<group>"; };
		DBE27B8A27B1AF01000DA6B5 /* WeatherAppMVVMUITestsLaunchTests.swift */ = {isa = PBXFileReference; lastKnownFileType = sourcecode.swift; path = WeatherAppMVVMUITestsLaunchTests.swift; sourceTree = "<group>"; };
		DBE27B9C27B1B694000DA6B5 /* WeatherResponseDataModel.swift */ = {isa = PBXFileReference; lastKnownFileType = sourcecode.swift; path = WeatherResponseDataModel.swift; sourceTree = "<group>"; };
/* End PBXFileReference section */

/* Begin PBXFrameworksBuildPhase section */
		DBE27B6727B1AF00000DA6B5 /* Frameworks */ = {
			isa = PBXFrameworksBuildPhase;
			buildActionMask = 2147483647;
			files = (
			);
			runOnlyForDeploymentPostprocessing = 0;
		};
		DBE27B7727B1AF01000DA6B5 /* Frameworks */ = {
			isa = PBXFrameworksBuildPhase;
			buildActionMask = 2147483647;
			files = (
			);
			runOnlyForDeploymentPostprocessing = 0;
		};
		DBE27B8127B1AF01000DA6B5 /* Frameworks */ = {
			isa = PBXFrameworksBuildPhase;
			buildActionMask = 2147483647;
			files = (
			);
			runOnlyForDeploymentPostprocessing = 0;
		};
/* End PBXFrameworksBuildPhase section */

/* Begin PBXGroup section */
		DB7770F827B31BBF0013955C /* UserCases */ = {
			isa = PBXGroup;
			children = (
				DB7770F927B31BC90013955C /* Weather */,
			);
			path = UserCases;
			sourceTree = "<group>";
		};
		DB7770F927B31BC90013955C /* Weather */ = {
			isa = PBXGroup;
			children = (
				DB7770FA27B31BDF0013955C /* WeatherViewModel.swift */,
			);
			path = Weather;
			sourceTree = "<group>";
		};
		DB7770FC27B31C190013955C /* Weather */ = {
			isa = PBXGroup;
			children = (
				DB77710227B323970013955C /* WeatherErrorHandling.swift */,
				DBC1E97727B824DD0000B1CF /* WeatherRepository.swift */,
			);
			path = Weather;
			sourceTree = "<group>";
		};
		DBE27B6127B1AF00000DA6B5 = {
			isa = PBXGroup;
			children = (
				DBE27B6C27B1AF00000DA6B5 /* WeatherAppMVVM */,
				DBE27B7D27B1AF01000DA6B5 /* WeatherAppMVVMTests */,
				DBE27B8727B1AF01000DA6B5 /* WeatherAppMVVMUITests */,
				DBE27B6B27B1AF00000DA6B5 /* Products */,
			);
			sourceTree = "<group>";
		};
		DBE27B6B27B1AF00000DA6B5 /* Products */ = {
			isa = PBXGroup;
			children = (
				DBE27B6A27B1AF00000DA6B5 /* WeatherAppMVVM.app */,
				DBE27B7A27B1AF01000DA6B5 /* WeatherAppMVVMTests.xctest */,
				DBE27B8427B1AF01000DA6B5 /* WeatherAppMVVMUITests.xctest */,
			);
			name = Products;
			sourceTree = "<group>";
		};
		DBE27B6C27B1AF00000DA6B5 /* WeatherAppMVVM */ = {
			isa = PBXGroup;
			children = (
				DB77710127B321340013955C /* Info.plist */,
				DB7770F827B31BBF0013955C /* UserCases */,
				DBE27B9727B1B600000DA6B5 /* DataModules */,
				DBE27B6D27B1AF00000DA6B5 /* WeatherAppMVVMApp.swift */,
				DBE27B6F27B1AF00000DA6B5 /* ContentView.swift */,
				DBE27B7127B1AF00000DA6B5 /* Assets.xcassets */,
				DBE27B7327B1AF00000DA6B5 /* Preview Content */,
				DB7770FF27B31D010013955C /* CONSTANTS.swift */,
			);
			path = WeatherAppMVVM;
			sourceTree = "<group>";
		};
		DBE27B7327B1AF00000DA6B5 /* Preview Content */ = {
			isa = PBXGroup;
			children = (
				DBE27B7427B1AF00000DA6B5 /* Preview Assets.xcassets */,
			);
			path = "Preview Content";
			sourceTree = "<group>";
		};
		DBE27B7D27B1AF01000DA6B5 /* WeatherAppMVVMTests */ = {
			isa = PBXGroup;
			children = (
				DBE27B7E27B1AF01000DA6B5 /* WeatherAppMVVMTests.swift */,
			);
			path = WeatherAppMVVMTests;
			sourceTree = "<group>";
		};
		DBE27B8727B1AF01000DA6B5 /* WeatherAppMVVMUITests */ = {
			isa = PBXGroup;
			children = (
				DBE27B8827B1AF01000DA6B5 /* WeatherAppMVVMUITests.swift */,
				DBE27B8A27B1AF01000DA6B5 /* WeatherAppMVVMUITestsLaunchTests.swift */,
			);
			path = WeatherAppMVVMUITests;
			sourceTree = "<group>";
		};
		DBE27B9727B1B600000DA6B5 /* DataModules */ = {
			isa = PBXGroup;
			children = (
				DBE27B9A27B1B657000DA6B5 /* Model */,
				DBE27B9827B1B621000DA6B5 /* API */,
			);
			path = DataModules;
			sourceTree = "<group>";
		};
		DBE27B9827B1B621000DA6B5 /* API */ = {
			isa = PBXGroup;
			children = (
				DB7770FC27B31C190013955C /* Weather */,
			);
			path = API;
			sourceTree = "<group>";
		};
		DBE27B9A27B1B657000DA6B5 /* Model */ = {
			isa = PBXGroup;
			children = (
				DBE27B9B27B1B668000DA6B5 /* Weather */,
			);
			path = Model;
			sourceTree = "<group>";
		};
		DBE27B9B27B1B668000DA6B5 /* Weather */ = {
			isa = PBXGroup;
			children = (
				DBE27B9C27B1B694000DA6B5 /* WeatherResponseDataModel.swift */,
			);
			path = Weather;
			sourceTree = "<group>";
		};
/* End PBXGroup section */

/* Begin PBXNativeTarget section */
		DBE27B6927B1AF00000DA6B5 /* WeatherAppMVVM */ = {
			isa = PBXNativeTarget;
			buildConfigurationList = DBE27B8E27B1AF01000DA6B5 /* Build configuration list for PBXNativeTarget "WeatherAppMVVM" */;
			buildPhases = (
				DBE27B6627B1AF00000DA6B5 /* Sources */,
				DBE27B6727B1AF00000DA6B5 /* Frameworks */,
				DBE27B6827B1AF00000DA6B5 /* Resources */,
			);
			buildRules = (
			);
			dependencies = (
			);
			name = WeatherAppMVVM;
			productName = WeatherAppMVVM;
			productReference = DBE27B6A27B1AF00000DA6B5 /* WeatherAppMVVM.app */;
			productType = "com.apple.product-type.application";
		};
		DBE27B7927B1AF01000DA6B5 /* WeatherAppMVVMTests */ = {
			isa = PBXNativeTarget;
			buildConfigurationList = DBE27B9127B1AF01000DA6B5 /* Build configuration list for PBXNativeTarget "WeatherAppMVVMTests" */;
			buildPhases = (
				DBE27B7627B1AF01000DA6B5 /* Sources */,
				DBE27B7727B1AF01000DA6B5 /* Frameworks */,
				DBE27B7827B1AF01000DA6B5 /* Resources */,
			);
			buildRules = (
			);
			dependencies = (
				DBE27B7C27B1AF01000DA6B5 /* PBXTargetDependency */,
			);
			name = WeatherAppMVVMTests;
			productName = WeatherAppMVVMTests;
			productReference = DBE27B7A27B1AF01000DA6B5 /* WeatherAppMVVMTests.xctest */;
			productType = "com.apple.product-type.bundle.unit-test";
		};
		DBE27B8327B1AF01000DA6B5 /* WeatherAppMVVMUITests */ = {
			isa = PBXNativeTarget;
			buildConfigurationList = DBE27B9427B1AF01000DA6B5 /* Build configuration list for PBXNativeTarget "WeatherAppMVVMUITests" */;
			buildPhases = (
				DBE27B8027B1AF01000DA6B5 /* Sources */,
				DBE27B8127B1AF01000DA6B5 /* Frameworks */,
				DBE27B8227B1AF01000DA6B5 /* Resources */,
			);
			buildRules = (
			);
			dependencies = (
				DBE27B8627B1AF01000DA6B5 /* PBXTargetDependency */,
			);
			name = WeatherAppMVVMUITests;
			productName = WeatherAppMVVMUITests;
			productReference = DBE27B8427B1AF01000DA6B5 /* WeatherAppMVVMUITests.xctest */;
			productType = "com.apple.product-type.bundle.ui-testing";
		};
/* End PBXNativeTarget section */

/* Begin PBXProject section */
		DBE27B6227B1AF00000DA6B5 /* Project object */ = {
			isa = PBXProject;
			attributes = {
				BuildIndependentTargetsInParallel = 1;
				LastSwiftUpdateCheck = 1320;
				LastUpgradeCheck = 1320;
				TargetAttributes = {
					DBE27B6927B1AF00000DA6B5 = {
						CreatedOnToolsVersion = 13.2.1;
					};
					DBE27B7927B1AF01000DA6B5 = {
						CreatedOnToolsVersion = 13.2.1;
						TestTargetID = DBE27B6927B1AF00000DA6B5;
					};
					DBE27B8327B1AF01000DA6B5 = {
						CreatedOnToolsVersion = 13.2.1;
						TestTargetID = DBE27B6927B1AF00000DA6B5;
					};
				};
			};
			buildConfigurationList = DBE27B6527B1AF00000DA6B5 /* Build configuration list for PBXProject "WeatherAppMVVM" */;
			compatibilityVersion = "Xcode 13.0";
			developmentRegion = en;
			hasScannedForEncodings = 0;
			knownRegions = (
				en,
				Base,
			);
			mainGroup = DBE27B6127B1AF00000DA6B5;
			productRefGroup = DBE27B6B27B1AF00000DA6B5 /* Products */;
			projectDirPath = "";
			projectRoot = "";
			targets = (
				DBE27B6927B1AF00000DA6B5 /* WeatherAppMVVM */,
				DBE27B7927B1AF01000DA6B5 /* WeatherAppMVVMTests */,
				DBE27B8327B1AF01000DA6B5 /* WeatherAppMVVMUITests */,
			);
		};
/* End PBXProject section */

/* Begin PBXResourcesBuildPhase section */
		DBE27B6827B1AF00000DA6B5 /* Resources */ = {
			isa = PBXResourcesBuildPhase;
			buildActionMask = 2147483647;
			files = (
				DBE27B7527B1AF00000DA6B5 /* Preview Assets.xcassets in Resources */,
				DBE27B7227B1AF00000DA6B5 /* Assets.xcassets in Resources */,
			);
			runOnlyForDeploymentPostprocessing = 0;
		};
		DBE27B7827B1AF01000DA6B5 /* Resources */ = {
			isa = PBXResourcesBuildPhase;
			buildActionMask = 2147483647;
			files = (
			);
			runOnlyForDeploymentPostprocessing = 0;
		};
		DBE27B8227B1AF01000DA6B5 /* Resources */ = {
			isa = PBXResourcesBuildPhase;
			buildActionMask = 2147483647;
			files = (
			);
			runOnlyForDeploymentPostprocessing = 0;
		};
/* End PBXResourcesBuildPhase section */

/* Begin PBXSourcesBuildPhase section */
		DBE27B6627B1AF00000DA6B5 /* Sources */ = {
			isa = PBXSourcesBuildPhase;
			buildActionMask = 2147483647;
			files = (
				DBC1E97827B824DD0000B1CF /* WeatherRepository.swift in Sources */,
				DB77710327B323970013955C /* WeatherErrorHandling.swift in Sources */,
				DBE27B7027B1AF00000DA6B5 /* ContentView.swift in Sources */,
				DB77710027B31D010013955C /* CONSTANTS.swift in Sources */,
				DB7770FB27B31BDF0013955C /* WeatherViewModel.swift in Sources */,
				DBE27B6E27B1AF00000DA6B5 /* WeatherAppMVVMApp.swift in Sources */,
				DBE27B9D27B1B694000DA6B5 /* WeatherResponseDataModel.swift in Sources */,
			);
			runOnlyForDeploymentPostprocessing = 0;
		};
		DBE27B7627B1AF01000DA6B5 /* Sources */ = {
			isa = PBXSourcesBuildPhase;
			buildActionMask = 2147483647;
			files = (
				DBE27B7F27B1AF01000DA6B5 /* WeatherAppMVVMTests.swift in Sources */,
			);
			runOnlyForDeploymentPostprocessing = 0;
		};
		DBE27B8027B1AF01000DA6B5 /* Sources */ = {
			isa = PBXSourcesBuildPhase;
			buildActionMask = 2147483647;
			files = (
				DBE27B8927B1AF01000DA6B5 /* WeatherAppMVVMUITests.swift in Sources */,
				DBE27B8B27B1AF01000DA6B5 /* WeatherAppMVVMUITestsLaunchTests.swift in Sources */,
			);
			runOnlyForDeploymentPostprocessing = 0;
		};
/* End PBXSourcesBuildPhase section */

/* Begin PBXTargetDependency section */
		DBE27B7C27B1AF01000DA6B5 /* PBXTargetDependency */ = {
			isa = PBXTargetDependency;
			target = DBE27B6927B1AF00000DA6B5 /* WeatherAppMVVM */;
			targetProxy = DBE27B7B27B1AF01000DA6B5 /* PBXContainerItemProxy */;
		};
		DBE27B8627B1AF01000DA6B5 /* PBXTargetDependency */ = {
			isa = PBXTargetDependency;
			target = DBE27B6927B1AF00000DA6B5 /* WeatherAppMVVM */;
			targetProxy = DBE27B8527B1AF01000DA6B5 /* PBXContainerItemProxy */;
		};
/* End PBXTargetDependency section */

/* Begin XCBuildConfiguration section */
		DBE27B8C27B1AF01000DA6B5 /* Debug */ = {
			isa = XCBuildConfiguration;
			buildSettings = {
				ALWAYS_SEARCH_USER_PATHS = NO;
				CLANG_ANALYZER_NONNULL = YES;
				CLANG_ANALYZER_NUMBER_OBJECT_CONVERSION = YES_AGGRESSIVE;
				CLANG_CXX_LANGUAGE_STANDARD = "gnu++17";
				CLANG_CXX_LIBRARY = "libc++";
				CLANG_ENABLE_MODULES = YES;
				CLANG_ENABLE_OBJC_ARC = YES;
				CLANG_ENABLE_OBJC_WEAK = YES;
				CLANG_WARN_BLOCK_CAPTURE_AUTORELEASING = YES;
				CLANG_WARN_BOOL_CONVERSION = YES;
				CLANG_WARN_COMMA = YES;
				CLANG_WARN_CONSTANT_CONVERSION = YES;
				CLANG_WARN_DEPRECATED_OBJC_IMPLEMENTATIONS = YES;
				CLANG_WARN_DIRECT_OBJC_ISA_USAGE = YES_ERROR;
				CLANG_WARN_DOCUMENTATION_COMMENTS = YES;
				CLANG_WARN_EMPTY_BODY = YES;
				CLANG_WARN_ENUM_CONVERSION = YES;
				CLANG_WARN_INFINITE_RECURSION = YES;
				CLANG_WARN_INT_CONVERSION = YES;
				CLANG_WARN_NON_LITERAL_NULL_CONVERSION = YES;
				CLANG_WARN_OBJC_IMPLICIT_RETAIN_SELF = YES;
				CLANG_WARN_OBJC_LITERAL_CONVERSION = YES;
				CLANG_WARN_OBJC_ROOT_CLASS = YES_ERROR;
				CLANG_WARN_QUOTED_INCLUDE_IN_FRAMEWORK_HEADER = YES;
				CLANG_WARN_RANGE_LOOP_ANALYSIS = YES;
				CLANG_WARN_STRICT_PROTOTYPES = YES;
				CLANG_WARN_SUSPICIOUS_MOVE = YES;
				CLANG_WARN_UNGUARDED_AVAILABILITY = YES_AGGRESSIVE;
				CLANG_WARN_UNREACHABLE_CODE = YES;
				CLANG_WARN__DUPLICATE_METHOD_MATCH = YES;
				COPY_PHASE_STRIP = NO;
				DEBUG_INFORMATION_FORMAT = dwarf;
				ENABLE_STRICT_OBJC_MSGSEND = YES;
				ENABLE_TESTABILITY = YES;
				GCC_C_LANGUAGE_STANDARD = gnu11;
				GCC_DYNAMIC_NO_PIC = NO;
				GCC_NO_COMMON_BLOCKS = YES;
				GCC_OPTIMIZATION_LEVEL = 0;
				GCC_PREPROCESSOR_DEFINITIONS = (
					"DEBUG=1",
					"$(inherited)",
				);
				GCC_WARN_64_TO_32_BIT_CONVERSION = YES;
				GCC_WARN_ABOUT_RETURN_TYPE = YES_ERROR;
				GCC_WARN_UNDECLARED_SELECTOR = YES;
				GCC_WARN_UNINITIALIZED_AUTOS = YES_AGGRESSIVE;
				GCC_WARN_UNUSED_FUNCTION = YES;
				GCC_WARN_UNUSED_VARIABLE = YES;
				IPHONEOS_DEPLOYMENT_TARGET = 15.2;
				MTL_ENABLE_DEBUG_INFO = INCLUDE_SOURCE;
				MTL_FAST_MATH = YES;
				ONLY_ACTIVE_ARCH = YES;
				SDKROOT = iphoneos;
				SWIFT_ACTIVE_COMPILATION_CONDITIONS = DEBUG;
				SWIFT_OPTIMIZATION_LEVEL = "-Onone";
			};
			name = Debug;
		};
		DBE27B8D27B1AF01000DA6B5 /* Release */ = {
			isa = XCBuildConfiguration;
			buildSettings = {
				ALWAYS_SEARCH_USER_PATHS = NO;
				CLANG_ANALYZER_NONNULL = YES;
				CLANG_ANALYZER_NUMBER_OBJECT_CONVERSION = YES_AGGRESSIVE;
				CLANG_CXX_LANGUAGE_STANDARD = "gnu++17";
				CLANG_CXX_LIBRARY = "libc++";
				CLANG_ENABLE_MODULES = YES;
				CLANG_ENABLE_OBJC_ARC = YES;
				CLANG_ENABLE_OBJC_WEAK = YES;
				CLANG_WARN_BLOCK_CAPTURE_AUTORELEASING = YES;
				CLANG_WARN_BOOL_CONVERSION = YES;
				CLANG_WARN_COMMA = YES;
				CLANG_WARN_CONSTANT_CONVERSION = YES;
				CLANG_WARN_DEPRECATED_OBJC_IMPLEMENTATIONS = YES;
				CLANG_WARN_DIRECT_OBJC_ISA_USAGE = YES_ERROR;
				CLANG_WARN_DOCUMENTATION_COMMENTS = YES;
				CLANG_WARN_EMPTY_BODY = YES;
				CLANG_WARN_ENUM_CONVERSION = YES;
				CLANG_WARN_INFINITE_RECURSION = YES;
				CLANG_WARN_INT_CONVERSION = YES;
				CLANG_WARN_NON_LITERAL_NULL_CONVERSION = YES;
				CLANG_WARN_OBJC_IMPLICIT_RETAIN_SELF = YES;
				CLANG_WARN_OBJC_LITERAL_CONVERSION = YES;
				CLANG_WARN_OBJC_ROOT_CLASS = YES_ERROR;
				CLANG_WARN_QUOTED_INCLUDE_IN_FRAMEWORK_HEADER = YES;
				CLANG_WARN_RANGE_LOOP_ANALYSIS = YES;
				CLANG_WARN_STRICT_PROTOTYPES = YES;
				CLANG_WARN_SUSPICIOUS_MOVE = YES;
				CLANG_WARN_UNGUARDED_AVAILABILITY = YES_AGGRESSIVE;
				CLANG_WARN_UNREACHABLE_CODE = YES;
				CLANG_WARN__DUPLICATE_METHOD_MATCH = YES;
				COPY_PHASE_STRIP = NO;
				DEBUG_INFORMATION_FORMAT = "dwarf-with-dsym";
				ENABLE_NS_ASSERTIONS = NO;
				ENABLE_STRICT_OBJC_MSGSEND = YES;
				GCC_C_LANGUAGE_STANDARD = gnu11;
				GCC_NO_COMMON_BLOCKS = YES;
				GCC_WARN_64_TO_32_BIT_CONVERSION = YES;
				GCC_WARN_ABOUT_RETURN_TYPE = YES_ERROR;
				GCC_WARN_UNDECLARED_SELECTOR = YES;
				GCC_WARN_UNINITIALIZED_AUTOS = YES_AGGRESSIVE;
				GCC_WARN_UNUSED_FUNCTION = YES;
				GCC_WARN_UNUSED_VARIABLE = YES;
				IPHONEOS_DEPLOYMENT_TARGET = 15.2;
				MTL_ENABLE_DEBUG_INFO = NO;
				MTL_FAST_MATH = YES;
				SDKROOT = iphoneos;
				SWIFT_COMPILATION_MODE = wholemodule;
				SWIFT_OPTIMIZATION_LEVEL = "-O";
				VALIDATE_PRODUCT = YES;
			};
			name = Release;
		};
		DBE27B8F27B1AF01000DA6B5 /* Debug */ = {
			isa = XCBuildConfiguration;
			buildSettings = {
				ASSETCATALOG_COMPILER_APPICON_NAME = AppIcon;
				ASSETCATALOG_COMPILER_GLOBAL_ACCENT_COLOR_NAME = AccentColor;
				CODE_SIGN_STYLE = Automatic;
				CURRENT_PROJECT_VERSION = 1;
				DEVELOPMENT_ASSET_PATHS = "\"WeatherAppMVVM/Preview Content\"";
				DEVELOPMENT_TEAM = 348MZJ2SHN;
				ENABLE_PREVIEWS = YES;
				GENERATE_INFOPLIST_FILE = YES;
				INFOPLIST_FILE = WeatherAppMVVM/Info.plist;
				INFOPLIST_KEY_UIApplicationSceneManifest_Generation = YES;
				INFOPLIST_KEY_UIApplicationSupportsIndirectInputEvents = YES;
				INFOPLIST_KEY_UILaunchScreen_Generation = YES;
				INFOPLIST_KEY_UISupportedInterfaceOrientations_iPad = "UIInterfaceOrientationPortrait UIInterfaceOrientationPortraitUpsideDown UIInterfaceOrientationLandscapeLeft UIInterfaceOrientationLandscapeRight";
				INFOPLIST_KEY_UISupportedInterfaceOrientations_iPhone = "UIInterfaceOrientationPortrait UIInterfaceOrientationLandscapeLeft UIInterfaceOrientationLandscapeRight";
				LD_RUNPATH_SEARCH_PATHS = (
					"$(inherited)",
					"@executable_path/Frameworks",
				);
				MARKETING_VERSION = 1.0;
				PRODUCT_BUNDLE_IDENTIFIER = es.ortizsanchezdev.WeatherAppMVVM;
				PRODUCT_NAME = "$(TARGET_NAME)";
				SWIFT_EMIT_LOC_STRINGS = YES;
				SWIFT_VERSION = 5.0;
				TARGETED_DEVICE_FAMILY = "1,2";
			};
			name = Debug;
		};
		DBE27B9027B1AF01000DA6B5 /* Release */ = {
			isa = XCBuildConfiguration;
			buildSettings = {
				ASSETCATALOG_COMPILER_APPICON_NAME = AppIcon;
				ASSETCATALOG_COMPILER_GLOBAL_ACCENT_COLOR_NAME = AccentColor;
				CODE_SIGN_STYLE = Automatic;
				CURRENT_PROJECT_VERSION = 1;
				DEVELOPMENT_ASSET_PATHS = "\"WeatherAppMVVM/Preview Content\"";
				DEVELOPMENT_TEAM = 348MZJ2SHN;
				ENABLE_PREVIEWS = YES;
				GENERATE_INFOPLIST_FILE = YES;
				INFOPLIST_FILE = WeatherAppMVVM/Info.plist;
				INFOPLIST_KEY_UIApplicationSceneManifest_Generation = YES;
				INFOPLIST_KEY_UIApplicationSupportsIndirectInputEvents = YES;
				INFOPLIST_KEY_UILaunchScreen_Generation = YES;
				INFOPLIST_KEY_UISupportedInterfaceOrientations_iPad = "UIInterfaceOrientationPortrait UIInterfaceOrientationPortraitUpsideDown UIInterfaceOrientationLandscapeLeft UIInterfaceOrientationLandscapeRight";
				INFOPLIST_KEY_UISupportedInterfaceOrientations_iPhone = "UIInterfaceOrientationPortrait UIInterfaceOrientationLandscapeLeft UIInterfaceOrientationLandscapeRight";
				LD_RUNPATH_SEARCH_PATHS = (
					"$(inherited)",
					"@executable_path/Frameworks",
				);
				MARKETING_VERSION = 1.0;
				PRODUCT_BUNDLE_IDENTIFIER = es.ortizsanchezdev.WeatherAppMVVM;
				PRODUCT_NAME = "$(TARGET_NAME)";
				SWIFT_EMIT_LOC_STRINGS = YES;
				SWIFT_VERSION = 5.0;
				TARGETED_DEVICE_FAMILY = "1,2";
			};
			name = Release;
		};
		DBE27B9227B1AF01000DA6B5 /* Debug */ = {
			isa = XCBuildConfiguration;
			buildSettings = {
				ALWAYS_EMBED_SWIFT_STANDARD_LIBRARIES = YES;
				BUNDLE_LOADER = "$(TEST_HOST)";
				CODE_SIGN_STYLE = Automatic;
				CURRENT_PROJECT_VERSION = 1;
				DEVELOPMENT_TEAM = 348MZJ2SHN;
				GENERATE_INFOPLIST_FILE = YES;
				IPHONEOS_DEPLOYMENT_TARGET = 15.2;
				MARKETING_VERSION = 1.0;
				PRODUCT_BUNDLE_IDENTIFIER = es.ortizsanchezdev.WeatherAppMVVMTests;
				PRODUCT_NAME = "$(TARGET_NAME)";
				SWIFT_EMIT_LOC_STRINGS = NO;
				SWIFT_VERSION = 5.0;
				TARGETED_DEVICE_FAMILY = "1,2";
				TEST_HOST = "$(BUILT_PRODUCTS_DIR)/WeatherAppMVVM.app/WeatherAppMVVM";
			};
			name = Debug;
		};
		DBE27B9327B1AF01000DA6B5 /* Release */ = {
			isa = XCBuildConfiguration;
			buildSettings = {
				ALWAYS_EMBED_SWIFT_STANDARD_LIBRARIES = YES;
				BUNDLE_LOADER = "$(TEST_HOST)";
				CODE_SIGN_STYLE = Automatic;
				CURRENT_PROJECT_VERSION = 1;
				DEVELOPMENT_TEAM = 348MZJ2SHN;
				GENERATE_INFOPLIST_FILE = YES;
				IPHONEOS_DEPLOYMENT_TARGET = 15.2;
				MARKETING_VERSION = 1.0;
				PRODUCT_BUNDLE_IDENTIFIER = es.ortizsanchezdev.WeatherAppMVVMTests;
				PRODUCT_NAME = "$(TARGET_NAME)";
				SWIFT_EMIT_LOC_STRINGS = NO;
				SWIFT_VERSION = 5.0;
				TARGETED_DEVICE_FAMILY = "1,2";
				TEST_HOST = "$(BUILT_PRODUCTS_DIR)/WeatherAppMVVM.app/WeatherAppMVVM";
			};
			name = Release;
		};
		DBE27B9527B1AF01000DA6B5 /* Debug */ = {
			isa = XCBuildConfiguration;
			buildSettings = {
				ALWAYS_EMBED_SWIFT_STANDARD_LIBRARIES = YES;
				CODE_SIGN_STYLE = Automatic;
				CURRENT_PROJECT_VERSION = 1;
				DEVELOPMENT_TEAM = 348MZJ2SHN;
				GENERATE_INFOPLIST_FILE = YES;
				MARKETING_VERSION = 1.0;
				PRODUCT_BUNDLE_IDENTIFIER = es.ortizsanchezdev.WeatherAppMVVMUITests;
				PRODUCT_NAME = "$(TARGET_NAME)";
				SWIFT_EMIT_LOC_STRINGS = NO;
				SWIFT_VERSION = 5.0;
				TARGETED_DEVICE_FAMILY = "1,2";
				TEST_TARGET_NAME = WeatherAppMVVM;
			};
			name = Debug;
		};
		DBE27B9627B1AF01000DA6B5 /* Release */ = {
			isa = XCBuildConfiguration;
			buildSettings = {
				ALWAYS_EMBED_SWIFT_STANDARD_LIBRARIES = YES;
				CODE_SIGN_STYLE = Automatic;
				CURRENT_PROJECT_VERSION = 1;
				DEVELOPMENT_TEAM = 348MZJ2SHN;
				GENERATE_INFOPLIST_FILE = YES;
				MARKETING_VERSION = 1.0;
				PRODUCT_BUNDLE_IDENTIFIER = es.ortizsanchezdev.WeatherAppMVVMUITests;
				PRODUCT_NAME = "$(TARGET_NAME)";
				SWIFT_EMIT_LOC_STRINGS = NO;
				SWIFT_VERSION = 5.0;
				TARGETED_DEVICE_FAMILY = "1,2";
				TEST_TARGET_NAME = WeatherAppMVVM;
			};
			name = Release;
		};
/* End XCBuildConfiguration section */

/* Begin XCConfigurationList section */
		DBE27B6527B1AF00000DA6B5 /* Build configuration list for PBXProject "WeatherAppMVVM" */ = {
			isa = XCConfigurationList;
			buildConfigurations = (
				DBE27B8C27B1AF01000DA6B5 /* Debug */,
				DBE27B8D27B1AF01000DA6B5 /* Release */,
			);
			defaultConfigurationIsVisible = 0;
			defaultConfigurationName = Release;
		};
		DBE27B8E27B1AF01000DA6B5 /* Build configuration list for PBXNativeTarget "WeatherAppMVVM" */ = {
			isa = XCConfigurationList;
			buildConfigurations = (
				DBE27B8F27B1AF01000DA6B5 /* Debug */,
				DBE27B9027B1AF01000DA6B5 /* Release */,
			);
			defaultConfigurationIsVisible = 0;
			defaultConfigurationName = Release;
		};
		DBE27B9127B1AF01000DA6B5 /* Build configuration list for PBXNativeTarget "WeatherAppMVVMTests" */ = {
			isa = XCConfigurationList;
			buildConfigurations = (
				DBE27B9227B1AF01000DA6B5 /* Debug */,
				DBE27B9327B1AF01000DA6B5 /* Release */,
			);
			defaultConfigurationIsVisible = 0;
			defaultConfigurationName = Release;
		};
		DBE27B9427B1AF01000DA6B5 /* Build configuration list for PBXNativeTarget "WeatherAppMVVMUITests" */ = {
			isa = XCConfigurationList;
			buildConfigurations = (
				DBE27B9527B1AF01000DA6B5 /* Debug */,
				DBE27B9627B1AF01000DA6B5 /* Release */,
			);
			defaultConfigurationIsVisible = 0;
			defaultConfigurationName = Release;
		};
/* End XCConfigurationList section */
	};
	rootObject = DBE27B6227B1AF00000DA6B5 /* Project object */;
}
